{
    "name": "@plurnk/plurnk-providers-xai",
    "version": "0.14.2",
    "lockfileVersion": 3,
    "requires": true,
    "packages": {
        "": {
            "name": "@plurnk/plurnk-providers-xai",
            "version": "0.14.2",
            "license": "MIT",
            "devDependencies": {
                "@types/node": "^26.0.0",
                "typescript": "^6.0.3"
            },
            "engines": {
                "node": ">=26"
            },
            "peerDependencies": {
                "@plurnk/plurnk-providers": ">=0.34.0 <1.0.0"
            }
        },
        "node_modules/@plurnk/gbnf": {
            "version": "0.1.1",
            "resolved": "https://registry.npmjs.org/@plurnk/gbnf/-/gbnf-0.1.1.tgz",
            "integrity": "sha512-WdwOEvZj/Sl0D9UKrPpge3Nxa0lY4eDXPNXN7xVu2BlMGZjq+fm5ELLEsf3z21lDizJi2LCRawKWHjZxPdJH3g==",
            "license": "MIT",
            "peer": true,
            "bin": {
                "gbnf": "dist/bin/gbnf.js"
            },
            "engines": {
                "node": ">=25"
            }
        },
        "node_modules/@plurnk/plurnk-aliases": {
            "version": "0.1.0",
            "resolved": "https://registry.npmjs.org/@plurnk/plurnk-aliases/-/plurnk-aliases-0.1.0.tgz",
            "integrity": "sha512-gSL4PlFf/WlrIQtCFuOmchaQ8nN1Q8HcvdSoHHYafc+Ywgg45I5A/C418As0vxkPS6RrXlFbdqYGrU4iAkO7mw==",
            "license": "MIT",
            "peer": true,
            "engines": {
                "node": ">=26"
            }
        },
        "node_modules/@plurnk/plurnk-models": {
            "version": "0.2.0",
            "resolved": "https://registry.npmjs.org/@plurnk/plurnk-models/-/plurnk-models-0.2.0.tgz",
            "integrity": "sha512-iDOzl/WSOtRX6CdjBFfscGoQQ+huQYVM1QWO9hw85gfgHO3Y7We2n9CcKKdgdm3Wf/lZOEBJ5IqWaCAon9qlbQ==",
            "license": "MIT",
            "peer": true,
            "engines": {
                "node": ">=25"
            }
        },
        "node_modules/@plurnk/plurnk-providers": {
            "version": "0.34.0",
            "resolved": "https://registry.npmjs.org/@plurnk/plurnk-providers/-/plurnk-providers-0.34.0.tgz",
            "integrity": "sha512-C6a0C67ZjyQq4UqAa/jIL/XtKDu2UIvAdA85/ry/InCCPbhQhQU1d9EzOqHbb6u4H6/hGNiHhP1Mr3OM7omLmQ==",
            "license": "MIT",
            "peer": true,
            "dependencies": {
                "@plurnk/gbnf": "0.1.1",
                "@plurnk/plurnk-aliases": "0.1.0",
                "@plurnk/plurnk-models": "0.2.0"
            },
            "engines": {
                "node": ">=26"
            }
        },
        "node_modules/@types/node": {
            "version": "26.0.0",
            "resolved": "https://registry.npmjs.org/@types/node/-/node-26.0.0.tgz",
            "integrity": "sha512-vf2YFi1iY9lHGwNJMs01biZFbKJkrZR1T6/MlzjhJLPdntOHLhTrDSnSVcdtvjihi4VQNlrFRIxLsDBlQpAipA==",
            "dev": true,
            "license": "MIT",
            "dependencies": {
                "undici-types": "~8.3.0"
            }
        },
        "node_modules/typescript": {
            "version": "6.0.3",
            "resolved": "https://registry.npmjs.org/typescript/-/typescript-6.0.3.tgz",
            "integrity": "sha512-y2TvuxSZPDyQakkFRPZHKFm+KKVqIisdg9/CZwm9ftvKXLP8NRWj38/ODjNbr43SsoXqNuAisEf1GdCxqWcdBw==",
            "dev": true,
            "license": "Apache-2.0",
            "bin": {
                "tsc": "bin/tsc",
                "tsserver": "bin/tsserver"
            },
            "engines": {
                "node": ">=14.17"
            }
        },
        "node_modules/undici-types": {
            "version": "8.3.0",
            "resolved": "https://registry.npmjs.org/undici-types/-/undici-types-8.3.0.tgz",
            "integrity": "sha512-j375ScV60dom+YkPFIfTLcOiPxkN/buHz5GobjLhixFuANaNs3C9l4GmrWqejgXWJ7BbJcFYpTEUkS1Ge8bpZQ==",
            "dev": true,
            "license": "MIT"
        }
    }
}
